{
  "originHash" : "ff6cae977eb1fa091a9b0e761c575f57f8fa4e3baa9d60977cbab9a386caf46d",
  "pins" : [
    {
      "identity" : "alamofire",
      "kind" : "remoteSourceControl",
      "location" : "https://github.com/Alamofire/Alamofire.git",
      "state" : {
        "revision" : "3f99050e75bbc6fe71fc323adabb039756680016",
        "version" : "5.11.1"
      }
    },
    {
      "identity" : "glamar-swift",
      "kind" : "remoteSourceControl",
      "location" : "https://github.com/pixelbin-io/glamar-swift.git",
      "state" : {
        "revision" : "f7a1dfb320160737b39ebc2636a36b490a0d4f46",
        "version" : "2.0.4"
      }
    }
  ],
  "version" : 3
}
